{
  "version": 4,
  "terraform_version": "1.9.6",
  "serial": 1,
  "lineage": "b168c647-c26b-4e60-421a-24be89533f8e",
  "outputs": {},
  "resources": [
    {
      "mode": "data",
      "type": "azurerm_cosmosdb_account",
      "name": "existing_cosmosdb",
      "provider": "provider[\"registry.terraform.io/hashicorp/azurerm\"]",
      "instances": [
        {
          "schema_version": 0,
          "attributes": {
            "automatic_failover_enabled": false,
            "capabilities": [],
            "consistency_policy": [
              {
                "consistency_level": "Eventual",
                "max_interval_in_seconds": 5,
                "max_staleness_prefix": 100
              }
            ],
            "endpoint": "https://lec2dbcmdcosmosdbacc.documents.azure.com:443/",
            "free_tier_enabled": false,
            "geo_location": [
              {
                "failover_priority": 0,
                "id": "lec2dbcmdcosmosdbacc-francecentral",
                "location": "francecentral"
              }
            ],
            "id": "/subscriptions/9e01d033-be6a-400c-91a9-6376a10e4f16/resourceGroups/lec2dbcmdrg/providers/Microsoft.DocumentDB/databaseAccounts/lec2dbcmdcosmosdbacc",
            "ip_range_filter": "",
            "is_virtual_network_filter_enabled": false,
            "key_vault_key_id": null,
            "kind": "GlobalDocumentDB",
            "location": "francecentral",
            "multiple_write_locations_enabled": false,
            "name": "lec2dbcmdcosmosdbacc",
            "offer_type": "Standard",
            "primary_key": "g7WYd2n4nbqMPWSDma6vsmcLkDqJ3svysFl3zrCFzsZ8obo3ebHSszp11r3s21jMcdUIxHt6j9XeACDbnd9mSA==",
            "primary_mongodb_connection_string": null,
            "primary_readonly_key": "3BxQXeREqu4REv1wjBXYEv0Vo3ArwtdtbeJDJNNYdySZ6dvLmQQOL7CO8Zup3cAvF4DkAqBxLywbACDb0Q0Nsw==",
            "primary_readonly_mongodb_connection_string": null,
            "primary_readonly_sql_connection_string": "AccountEndpoint=https://lec2dbcmdcosmosdbacc.documents.azure.com:443/;AccountKey=3BxQXeREqu4REv1wjBXYEv0Vo3ArwtdtbeJDJNNYdySZ6dvLmQQOL7CO8Zup3cAvF4DkAqBxLywbACDb0Q0Nsw==;",
            "primary_sql_connection_string": "AccountEndpoint=https://lec2dbcmdcosmosdbacc.documents.azure.com:443/;AccountKey=g7WYd2n4nbqMPWSDma6vsmcLkDqJ3svysFl3zrCFzsZ8obo3ebHSszp11r3s21jMcdUIxHt6j9XeACDbnd9mSA==;",
            "read_endpoints": [
              "https://lec2dbcmdcosmosdbacc-francecentral.documents.azure.com:443/"
            ],
            "resource_group_name": "lec2dbcmdrg",
            "secondary_key": "9dTH7gdTwNpDdJXReSwCwOxHCFfjUED9xLIaJsy5pvUEm34Zd2hAhPgoSUvRGUY1XC64DT2WaAQdACDbUo9KyA==",
            "secondary_mongodb_connection_string": null,
            "secondary_readonly_key": "Ec8mGvdEKnrWKJqTOmvZ7yFnnCKIfSrUhFrUAv9qLW29jpQARIjqMHckv3dPZtvtSW4poKMMAbVkACDbeENzrA==",
            "secondary_readonly_mongodb_connection_string": null,
            "secondary_readonly_sql_connection_string": "AccountEndpoint=https://lec2dbcmdcosmosdbacc.documents.azure.com:443/;AccountKey=Ec8mGvdEKnrWKJqTOmvZ7yFnnCKIfSrUhFrUAv9qLW29jpQARIjqMHckv3dPZtvtSW4poKMMAbVkACDbeENzrA==;",
            "secondary_sql_connection_string": "AccountEndpoint=https://lec2dbcmdcosmosdbacc.documents.azure.com:443/;AccountKey=9dTH7gdTwNpDdJXReSwCwOxHCFfjUED9xLIaJsy5pvUEm34Zd2hAhPgoSUvRGUY1XC64DT2WaAQdACDbUo9KyA==;",
            "tags": {},
            "timeouts": null,
            "virtual_network_rule": [],
            "write_endpoints": [
              "https://lec2dbcmdcosmosdbacc-francecentral.documents.azure.com:443/"
            ]
          },
          "sensitive_attributes": [
            [
              {
                "type": "get_attr",
                "value": "primary_sql_connection_string"
              }
            ],
            [
              {
                "type": "get_attr",
                "value": "secondary_readonly_sql_connection_string"
              }
            ],
            [
              {
                "type": "get_attr",
                "value": "primary_readonly_sql_connection_string"
              }
            ],
            [
              {
                "type": "get_attr",
                "value": "primary_readonly_key"
              }
            ],
            [
              {
                "type": "get_attr",
                "value": "primary_mongodb_connection_string"
              }
            ],
            [
              {
                "type": "get_attr",
                "value": "secondary_key"
              }
            ],
            [
              {
                "type": "get_attr",
                "value": "secondary_sql_connection_string"
              }
            ],
            [
              {
                "type": "get_attr",
                "value": "secondary_mongodb_connection_string"
              }
            ],
            [
              {
                "type": "get_attr",
                "value": "primary_key"
              }
            ],
            [
              {
                "type": "get_attr",
                "value": "primary_readonly_mongodb_connection_string"
              }
            ],
            [
              {
                "type": "get_attr",
                "value": "secondary_readonly_key"
              }
            ],
            [
              {
                "type": "get_attr",
                "value": "secondary_readonly_mongodb_connection_string"
              }
            ]
          ]
        }
      ]
    },
    {
      "mode": "data",
      "type": "azurerm_cosmosdb_sql_database",
      "name": "existing_database",
      "provider": "provider[\"registry.terraform.io/hashicorp/azurerm\"]",
      "instances": [
        {
          "schema_version": 0,
          "attributes": {
            "account_name": "lec2dbcmdcosmosdbacc",
            "autoscale_settings": [],
            "id": "/subscriptions/9e01d033-be6a-400c-91a9-6376a10e4f16/resourceGroups/lec2dbcmdrg/providers/Microsoft.DocumentDB/databaseAccounts/lec2dbcmdcosmosdbacc/sqlDatabases/lec2dbcmdcosmosdbdatabase",
            "name": "lec2dbcmdcosmosdbdatabase",
            "resource_group_name": "lec2dbcmdrg",
            "throughput": 0,
            "timeouts": null
          },
          "sensitive_attributes": []
        }
      ]
    },
    {
      "mode": "data",
      "type": "azurerm_resource_group",
      "name": "existing_rg",
      "provider": "provider[\"registry.terraform.io/hashicorp/azurerm\"]",
      "instances": [
        {
          "schema_version": 0,
          "attributes": {
            "id": "/subscriptions/9e01d033-be6a-400c-91a9-6376a10e4f16/resourceGroups/lec2dbcmdrg",
            "location": "francecentral",
            "managed_by": "",
            "name": "lec2dbcmdrg",
            "tags": {},
            "timeouts": null
          },
          "sensitive_attributes": []
        }
      ]
    },
    {
      "mode": "managed",
      "type": "azurerm_service_plan",
      "name": "appserviceplan",
      "provider": "provider[\"registry.terraform.io/hashicorp/azurerm\"]",
      "instances": [
        {
          "schema_version": 1,
          "attributes": {
            "app_service_environment_id": "",
            "id": "/subscriptions/9e01d033-be6a-400c-91a9-6376a10e4f16/resourceGroups/lec2dbcmdrg/providers/Microsoft.Web/serverFarms/httpapi-asp",
            "kind": "linux",
            "location": "francecentral",
            "maximum_elastic_worker_count": 1,
            "name": "httpapi-asp",
            "os_type": "Linux",
            "per_site_scaling_enabled": false,
            "reserved": true,
            "resource_group_name": "lec2dbcmdrg",
            "sku_name": "B1",
            "tags": null,
            "timeouts": null,
            "worker_count": 1,
            "zone_balancing_enabled": false
          },
          "sensitive_attributes": [],
          "private": "eyJlMmJmYjczMC1lY2FhLTExZTYtOGY4OC0zNDM2M2JjN2M0YzAiOnsiY3JlYXRlIjozNjAwMDAwMDAwMDAwLCJkZWxldGUiOjM2MDAwMDAwMDAwMDAsInJlYWQiOjMwMDAwMDAwMDAwMCwidXBkYXRlIjozNjAwMDAwMDAwMDAwfSwic2NoZW1hX3ZlcnNpb24iOiIxIn0=",
          "dependencies": [
            "data.azurerm_resource_group.existing_rg"
          ]
        }
      ]
    }
  ],
  "check_results": null
}
